github.com/LarryCodes/dog v0.0.0-20241023125622-1c090571f168 h1:gB6NBjiPllK7NCqyURFDzTXquRThX4d7ZE+RY6Q9Aj0=
github.com/LarryCodes/dog v0.0.0-20241023125622-1c090571f168/go.mod h1:6+aLVqFxXz9ZchW8WI4Yx/vjIGPWpa67PpstbP2ezW0=
github.com/LarryCodes/dog v0.0.0-20241023130510-b92102243188 h1:DMqjKbC9W4obxCRKRBSl9h0465EqdnS3mHWeAdsjBpE=
github.com/LarryCodes/dog v0.0.0-20241023130510-b92102243188/go.mod h1:6+aLVqFxXz9ZchW8WI4Yx/vjIGPWpa67PpstbP2ezW0=
